
Microsoft Visual Studio Solution File, Format Version 11.00
# Visual Studio 2010
Project("{FAE04EC0-301F-11D3-BF4B-00C04F79EFBC}") = "ccQuickMint", "ccQuickMint\ccQuickMint.csproj", "{27463F31-5F19-4F2B-98E0-EF421CD74113}"
EndProject
Project("{FAE04EC0-301F-11D3-BF4B-00C04F79EFBC}") = "ccQuickMintGUI", "ccQuickMintGUI\ccQuickMintGUI.csproj", "{47984457-9F4D-4528-9154-0FE4F0F6CD30}"
EndProject
Global
	GlobalSection(SolutionConfigurationPlatforms) = preSolution
		Debug|Any CPU = Debug|Any CPU
		Debug|Mixed Platforms = Debug|Mixed Platforms
		Debug|x86 = Debug|x86
		Release|Any CPU = Release|Any CPU
		Release|Mixed Platforms = Release|Mixed Platforms
		Release|x86 = Release|x86
	EndGlobalSection
	GlobalSection(ProjectConfigurationPlatforms) = postSolution
		{27463F31-5F19-4F2B-98E0-EF421CD74113}.Debug|Any CPU.ActiveCfg = Debug|Any CPU
		{27463F31-5F19-4F2B-98E0-EF421CD74113}.Debug|Any CPU.Build.0 = Debug|Any CPU
		{27463F31-5F19-4F2B-98E0-EF421CD74113}.Debug|Mixed Platforms.ActiveCfg = Debug|Any CPU
		{27463F31-5F19-4F2B-98E0-EF421CD74113}.Debug|Mixed Platforms.Build.0 = Debug|Any CPU
		{27463F31-5F19-4F2B-98E0-EF421CD74113}.Debug|x86.ActiveCfg = Debug|Any CPU
		{27463F31-5F19-4F2B-98E0-EF421CD74113}.Release|Any CPU.ActiveCfg = Release|Any CPU
		{27463F31-5F19-4F2B-98E0-EF421CD74113}.Release|Any CPU.Build.0 = Release|Any CPU
		{27463F31-5F19-4F2B-98E0-EF421CD74113}.Release|Mixed Platforms.ActiveCfg = Release|Any CPU
		{27463F31-5F19-4F2B-98E0-EF421CD74113}.Release|Mixed Platforms.Build.0 = Release|Any CPU
		{27463F31-5F19-4F2B-98E0-EF421CD74113}.Release|x86.ActiveCfg = Release|Any CPU
		{47984457-9F4D-4528-9154-0FE4F0F6CD30}.Debug|Any CPU.ActiveCfg = Debug|x86
		{47984457-9F4D-4528-9154-0FE4F0F6CD30}.Debug|Mixed Platforms.ActiveCfg = Debug|x86
		{47984457-9F4D-4528-9154-0FE4F0F6CD30}.Debug|Mixed Platforms.Build.0 = Debug|x86
		{47984457-9F4D-4528-9154-0FE4F0F6CD30}.Debug|x86.ActiveCfg = Debug|x86
		{47984457-9F4D-4528-9154-0FE4F0F6CD30}.Debug|x86.Build.0 = Debug|x86
		{47984457-9F4D-4528-9154-0FE4F0F6CD30}.Release|Any CPU.ActiveCfg = Release|x86
		{47984457-9F4D-4528-9154-0FE4F0F6CD30}.Release|Mixed Platforms.ActiveCfg = Release|x86
		{47984457-9F4D-4528-9154-0FE4F0F6CD30}.Release|Mixed Platforms.Build.0 = Release|x86
		{47984457-9F4D-4528-9154-0FE4F0F6CD30}.Release|x86.ActiveCfg = Release|x86
		{47984457-9F4D-4528-9154-0FE4F0F6CD30}.Release|x86.Build.0 = Release|x86
	EndGlobalSection
	GlobalSection(SolutionProperties) = preSolution
		HideSolutionNode = FALSE
	EndGlobalSection
EndGlobal
